// !$*UTF8*$!
{
	archiveVersion = 1;
	classes = {
	};
	objectVersion = 50;
	objects = {

/* Begin PBXBuildFile section */
		3D8446E52295FFD000FCA1AC /* AppDelegate.swift in Sources */ = {isa = PBXBuildFile; fileRef = 3D8446E42295FFD000FCA1AC /* AppDelegate.swift */; };
		3D8446E72295FFD000FCA1AC /* ViewController.swift in Sources */ = {isa = PBXBuildFile; fileRef = 3D8446E62295FFD000FCA1AC /* ViewController.swift */; };
		3D8446EA2295FFD000FCA1AC /* Main.storyboard in Resources */ = {isa = PBXBuildFile; fileRef = 3D8446E82295FFD000FCA1AC /* Main.storyboard */; };
		3D8446EC2295FFD100FCA1AC /* Assets.xcassets in Resources */ = {isa = PBXBuildFile; fileRef = 3D8446EB2295FFD100FCA1AC /* Assets.xcassets */; };
		3D8446EF2295FFD100FCA1AC /* LaunchScreen.storyboard in Resources */ = {isa = PBXBuildFile; fileRef = 3D8446ED2295FFD100FCA1AC /* LaunchScreen.storyboard */; };
		3D8446F92296090D00FCA1AC /* main.swift in Sources */ = {isa = PBXBuildFile; fileRef = 3D8446F82296090D00FCA1AC /* main.swift */; };
/* End PBXBuildFile section */

/* Begin PBXFileReference section */
		3D8446E12295FFD000FCA1AC /* InactivityLogoutExample.app */ = {isa = PBXFileReference; explicitFileType = wrapper.application; includeInIndex = 0; path = InactivityLogoutExample.app; sourceTree = BUILT_PRODUCTS_DIR; };
		3D8446E42295FFD000FCA1AC /* AppDelegate.swift */ = {isa = PBXFileReference; lastKnownFileType = sourcecode.swift; path = AppDelegate.swift; sourceTree = "<group>"; };
		3D8446E62295FFD000FCA1AC /* ViewController.swift */ = {isa = PBXFileReference; lastKnownFileType = sourcecode.swift; path = ViewController.swift; sourceTree = "<group>"; };
		3D8446E92295FFD000FCA1AC /* Base */ = {isa = PBXFileReference; lastKnownFileType = file.storyboard; name = Base; path = Base.lproj/Main.storyboard; sourceTree = "<group>"; };
		3D8446EB2295FFD100FCA1AC /* Assets.xcassets */ = {isa = PBXFileReference; lastKnownFileType = folder.assetcatalog; path = Assets.xcassets; sourceTree = "<group>"; };
		3D8446EE2295FFD100FCA1AC /* Base */ = {isa = PBXFileReference; lastKnownFileType = file.storyboard; name = Base; path = Base.lproj/LaunchScreen.storyboard; sourceTree = "<group>"; };
		3D8446F02295FFD100FCA1AC /* Info.plist */ = {isa = PBXFileReference; lastKnownFileType = text.plist.xml; path = Info.plist; sourceTree = "<group>"; };
		3D8446F82296090D00FCA1AC /* main.swift */ = {isa = PBXFileReference; lastKnownFileType = sourcecode.swift; path = main.swift; sourceTree = "<group>"; };
		3D8446FC2296C8F800FCA1AC /* README.md */ = {isa = PBXFileReference; lastKnownFileType = net.daringfireball.markdown; path = README.md; sourceTree = "<group>"; };
/* End PBXFileReference section */

/* Begin PBXFrameworksBuildPhase section */
		3D8446DE2295FFD000FCA1AC /* Frameworks */ = {
			isa = PBXFrameworksBuildPhase;
			buildActionMask = 2147483647;
			files = (
			);
			runOnlyForDeploymentPostprocessing = 0;
		};
/* End PBXFrameworksBuildPhase section */

/* Begin PBXGroup section */
		3D8446D82295FFD000FCA1AC = {
			isa = PBXGroup;
			children = (
				3D8446FC2296C8F800FCA1AC /* README.md */,
				3D8446E32295FFD000FCA1AC /* InactivityLogoutExample */,
				3D8446E22295FFD000FCA1AC /* Products */,
			);
			sourceTree = "<group>";
		};
		3D8446E22295FFD000FCA1AC /* Products */ = {
			isa = PBXGroup;
			children = (
				3D8446E12295FFD000FCA1AC /* InactivityLogoutExample.app */,
			);
			name = Products;
			sourceTree = "<group>";
		};
		3D8446E32295FFD000FCA1AC /* InactivityLogoutExample */ = {
			isa = PBXGroup;
			children = (
				3D8446E42295FFD000FCA1AC /* AppDelegate.swift */,
				3D8446E62295FFD000FCA1AC /* ViewController.swift */,
				3D8446E82295FFD000FCA1AC /* Main.storyboard */,
				3D8446EB2295FFD100FCA1AC /* Assets.xcassets */,
				3D8446ED2295FFD100FCA1AC /* LaunchScreen.storyboard */,
				3D8446F02295FFD100FCA1AC /* Info.plist */,
				3D8446F82296090D00FCA1AC /* main.swift */,
			);
			path = InactivityLogoutExample;
			sourceTree = "<group>";
		};
/* End PBXGroup section */

/* Begin PBXNativeTarget section */
		3D8446E02295FFD000FCA1AC /* InactivityLogoutExample */ = {
			isa = PBXNativeTarget;
			buildConfigurationList = 3D8446F32295FFD100FCA1AC /* Build configuration list for PBXNativeTarget "InactivityLogoutExample" */;
			buildPhases = (
				3D8446DD2295FFD000FCA1AC /* Sources */,
				3D8446DE2295FFD000FCA1AC /* Frameworks */,
				3D8446DF2295FFD000FCA1AC /* Resources */,
			);
			buildRules = (
			);
			dependencies = (
			);
			name = InactivityLogoutExample;
			productName = InactivityLogoutExample;
			productReference = 3D8446E12295FFD000FCA1AC /* InactivityLogoutExample.app */;
			productType = "com.apple.product-type.application";
		};
/* End PBXNativeTarget section */

/* Begin PBXProject section */
		3D8446D92295FFD000FCA1AC /* Project object */ = {
			isa = PBXProject;
			attributes = {
				LastSwiftUpdateCheck = 1010;
				LastUpgradeCheck = 1010;
				ORGANIZATIONNAME = DaVita;
				TargetAttributes = {
					3D8446E02295FFD000FCA1AC = {
						CreatedOnToolsVersion = 10.1;
					};
				};
			};
			buildConfigurationList = 3D8446DC2295FFD000FCA1AC /* Build configuration list for PBXProject "InactivityLogoutExample" */;
			compatibilityVersion = "Xcode 9.3";
			developmentRegion = en;
			hasScannedForEncodings = 0;
			knownRegions = (
				en,
				Base,
			);
			mainGroup = 3D8446D82295FFD000FCA1AC;
			productRefGroup = 3D8446E22295FFD000FCA1AC /* Products */;
			projectDirPath = "";
			projectRoot = "";
			targets = (
				3D8446E02295FFD000FCA1AC /* InactivityLogoutExample */,
			);
		};
/* End PBXProject section */

/* Begin PBXResourcesBuildPhase section */
		3D8446DF2295FFD000FCA1AC /* Resources */ = {
			isa = PBXResourcesBuildPhase;
			buildActionMask = 2147483647;
			files = (
				3D8446EF2295FFD100FCA1AC /* LaunchScreen.storyboard in Resources */,
				3D8446EC2295FFD100FCA1AC /* Assets.xcassets in Resources */,
				3D8446EA2295FFD000FCA1AC /* Main.storyboard in Resources */,
			);
			runOnlyForDeploymentPostprocessing = 0;
		};
/* End PBXResourcesBuildPhase section */

/* Begin PBXSourcesBuildPhase section */
		3D8446DD2295FFD000FCA1AC /* Sources */ = {
			isa = PBXSourcesBuildPhase;
			buildActionMask = 2147483647;
			files = (
				3D8446E72295FFD000FCA1AC /* ViewController.swift in Sources */,
				3D8446E52295FFD000FCA1AC /* AppDelegate.swift in Sources */,
				3D8446F92296090D00FCA1AC /* main.swift in Sources */,
			);
			runOnlyForDeploymentPostprocessing = 0;
		};
/* End PBXSourcesBuildPhase section */

/* Begin PBXVariantGroup section */
		3D8446E82295FFD000FCA1AC /* Main.storyboard */ = {
			isa = PBXVariantGroup;
			children = (
				3D8446E92295FFD000FCA1AC /* Base */,
			);
			name = Main.storyboard;
			sourceTree = "<group>";
		};
		3D8446ED2295FFD100FCA1AC /* LaunchScreen.storyboard */ = {
			isa = PBXVariantGroup;
			children = (
				3D8446EE2295FFD100FCA1AC /* Base */,
			);
			name = LaunchScreen.storyboard;
			sourceTree = "<group>";
		};
/* End PBXVariantGroup section */

/* Begin XCBuildConfiguration section */
		3D8446F12295FFD100FCA1AC /* Debug */ = {
			isa = XCBuildConfiguration;
			buildSettings = {
				ALWAYS_SEARCH_USER_PATHS = NO;
				CLANG_ANALYZER_NONNULL = YES;
				CLANG_ANALYZER_NUMBER_OBJECT_CONVERSION = YES_AGGRESSIVE;
				CLANG_CXX_LANGUAGE_STANDARD = "gnu++14";
				CLANG_CXX_LIBRARY = "libc++";
				CLANG_ENABLE_MODULES = YES;
				CLANG_ENABLE_OBJC_ARC = YES;
				CLANG_ENABLE_OBJC_WEAK = YES;
				CLANG_WARN_BLOCK_CAPTURE_AUTORELEASING = YES;
				CLANG_WARN_BOOL_CONVERSION = YES;
				CLANG_WARN_COMMA = YES;
				CLANG_WARN_CONSTANT_CONVERSION = YES;
				CLANG_WARN_DEPRECATED_OBJC_IMPLEMENTATIONS = YES;
				CLANG_WARN_DIRECT_OBJC_ISA_USAGE = YES_ERROR;
				CLANG_WARN_DOCUMENTATION_COMMENTS = YES;
				CLANG_WARN_EMPTY_BODY = YES;
				CLANG_WARN_ENUM_CONVERSION = YES;
				CLANG_WARN_INFINITE_RECURSION = YES;
				CLANG_WARN_INT_CONVERSION = YES;
				CLANG_WARN_NON_LITERAL_NULL_CONVERSION = YES;
				CLANG_WARN_OBJC_IMPLICIT_RETAIN_SELF = YES;
				CLANG_WARN_OBJC_LITERAL_CONVERSION = YES;
				CLANG_WARN_OBJC_ROOT_CLASS = YES_ERROR;
				CLANG_WARN_RANGE_LOOP_ANALYSIS = YES;
				CLANG_WARN_STRICT_PROTOTYPES = YES;
				CLANG_WARN_SUSPICIOUS_MOVE = YES;
				CLANG_WARN_UNGUARDED_AVAILABILITY = YES_AGGRESSIVE;
				CLANG_WARN_UNREACHABLE_CODE = YES;
				CLANG_WARN__DUPLICATE_METHOD_MATCH = YES;
				CODE_SIGN_IDENTITY = "iPhone Developer";
				COPY_PHASE_STRIP = NO;
				DEBUG_INFORMATION_FORMAT = dwarf;
				ENABLE_STRICT_OBJC_MSGSEND = YES;
				ENABLE_TESTABILITY = YES;
				GCC_C_LANGUAGE_STANDARD = gnu11;
				GCC_DYNAMIC_NO_PIC = NO;
				GCC_NO_COMMON_BLOCKS = YES;
				GCC_OPTIMIZATION_LEVEL = 0;
				GCC_PREPROCESSOR_DEFINITIONS = (
					"DEBUG=1",
					"$(inherited)",
				);
				GCC_WARN_64_TO_32_BIT_CONVERSION = YES;
				GCC_WARN_ABOUT_RETURN_TYPE = YES_ERROR;
				GCC_WARN_UNDECLARED_SELECTOR = YES;
				GCC_WARN_UNINITIALIZED_AUTOS = YES_AGGRESSIVE;
				GCC_WARN_UNUSED_FUNCTION = YES;
				GCC_WARN_UNUSED_VARIABLE = YES;
				IPHONEOS_DEPLOYMENT_TARGET = 12.1;
				MTL_ENABLE_DEBUG_INFO = INCLUDE_SOURCE;
				MTL_FAST_MATH = YES;
				ONLY_ACTIVE_ARCH = YES;
				SDKROOT = iphoneos;
				SWIFT_ACTIVE_COMPILATION_CONDITIONS = DEBUG;
				SWIFT_OPTIMIZATION_LEVEL = "-Onone";
			};
			name = Debug;
		};
		3D8446F22295FFD100FCA1AC /* Release */ = {
			isa = XCBuildConfiguration;
			buildSettings = {
				ALWAYS_SEARCH_USER_PATHS = NO;
				CLANG_ANALYZER_NONNULL = YES;
				CLANG_ANALYZER_NUMBER_OBJECT_CONVERSION = YES_AGGRESSIVE;
				CLANG_CXX_LANGUAGE_STANDARD = "gnu++14";
				CLANG_CXX_LIBRARY = "libc++";
				CLANG_ENABLE_MODULES = YES;
				CLANG_ENABLE_OBJC_ARC = YES;
				CLANG_ENABLE_OBJC_WEAK = YES;
				CLANG_WARN_BLOCK_CAPTURE_AUTORELEASING = YES;
				CLANG_WARN_BOOL_CONVERSION = YES;
				CLANG_WARN_COMMA = YES;
				CLANG_WARN_CONSTANT_CONVERSION = YES;
				CLANG_WARN_DEPRECATED_OBJC_IMPLEMENTATIONS = YES;
				CLANG_WARN_DIRECT_OBJC_ISA_USAGE = YES_ERROR;
				CLANG_WARN_DOCUMENTATION_COMMENTS = YES;
				CLANG_WARN_EMPTY_BODY = YES;
				CLANG_WARN_ENUM_CONVERSION = YES;
				CLANG_WARN_INFINITE_RECURSION = YES;
				CLANG_WARN_INT_CONVERSION = YES;
				CLANG_WARN_NON_LITERAL_NULL_CONVERSION = YES;
				CLANG_WARN_OBJC_IMPLICIT_RETAIN_SELF = YES;
				CLANG_WARN_OBJC_LITERAL_CONVERSION = YES;
				CLANG_WARN_OBJC_ROOT_CLASS = YES_ERROR;
				CLANG_WARN_RANGE_LOOP_ANALYSIS = YES;
				CLANG_WARN_STRICT_PROTOTYPES = YES;
				CLANG_WARN_SUSPICIOUS_MOVE = YES;
				CLANG_WARN_UNGUARDED_AVAILABILITY = YES_AGGRESSIVE;
				CLANG_WARN_UNREACHABLE_CODE = YES;
				CLANG_WARN__DUPLICATE_METHOD_MATCH = YES;
				CODE_SIGN_IDENTITY = "iPhone Developer";
				COPY_PHASE_STRIP = NO;
				DEBUG_INFORMATION_FORMAT = "dwarf-with-dsym";
				ENABLE_NS_ASSERTIONS = NO;
				ENABLE_STRICT_OBJC_MSGSEND = YES;
				GCC_C_LANGUAGE_STANDARD = gnu11;
				GCC_NO_COMMON_BLOCKS = YES;
				GCC_WARN_64_TO_32_BIT_CONVERSION = YES;
				GCC_WARN_ABOUT_RETURN_TYPE = YES_ERROR;
				GCC_WARN_UNDECLARED_SELECTOR = YES;
				GCC_WARN_UNINITIALIZED_AUTOS = YES_AGGRESSIVE;
				GCC_WARN_UNUSED_FUNCTION = YES;
				GCC_WARN_UNUSED_VARIABLE = YES;
				IPHONEOS_DEPLOYMENT_TARGET = 12.1;
				MTL_ENABLE_DEBUG_INFO = NO;
				MTL_FAST_MATH = YES;
				SDKROOT = iphoneos;
				SWIFT_COMPILATION_MODE = wholemodule;
				SWIFT_OPTIMIZATION_LEVEL = "-O";
				VALIDATE_PRODUCT = YES;
			};
			name = Release;
		};
		3D8446F42295FFD100FCA1AC /* Debug */ = {
			isa = XCBuildConfiguration;
			buildSettings = {
				ASSETCATALOG_COMPILER_APPICON_NAME = AppIcon;
				CODE_SIGN_STYLE = Automatic;
				DEVELOPMENT_TEAM = C3Z7CN96JC;
				INFOPLIST_FILE = InactivityLogoutExample/Info.plist;
				LD_RUNPATH_SEARCH_PATHS = (
					"$(inherited)",
					"@executable_path/Frameworks",
				);
				PRODUCT_BUNDLE_IDENTIFIER = com.davita.mcoe.InactivityLogoutExample;
				PRODUCT_NAME = "$(TARGET_NAME)";
				SWIFT_VERSION = 4.2;
				TARGETED_DEVICE_FAMILY = "1,2";
			};
			name = Debug;
		};
		3D8446F52295FFD100FCA1AC /* Release */ = {
			isa = XCBuildConfiguration;
			buildSettings = {
				ASSETCATALOG_COMPILER_APPICON_NAME = AppIcon;
				CODE_SIGN_STYLE = Automatic;
				DEVELOPMENT_TEAM = C3Z7CN96JC;
				INFOPLIST_FILE = InactivityLogoutExample/Info.plist;
				LD_RUNPATH_SEARCH_PATHS = (
					"$(inherited)",
					"@executable_path/Frameworks",
				);
				PRODUCT_BUNDLE_IDENTIFIER = com.davita.mcoe.InactivityLogoutExample;
				PRODUCT_NAME = "$(TARGET_NAME)";
				SWIFT_VERSION = 4.2;
				TARGETED_DEVICE_FAMILY = "1,2";
			};
			name = Release;
		};
/* End XCBuildConfiguration section */

/* Begin XCConfigurationList section */
		3D8446DC2295FFD000FCA1AC /* Build configuration list for PBXProject "InactivityLogoutExample" */ = {
			isa = XCConfigurationList;
			buildConfigurations = (
				3D8446F12295FFD100FCA1AC /* Debug */,
				3D8446F22295FFD100FCA1AC /* Release */,
			);
			defaultConfigurationIsVisible = 0;
			defaultConfigurationName = Release;
		};
		3D8446F32295FFD100FCA1AC /* Build configuration list for PBXNativeTarget "InactivityLogoutExample" */ = {
			isa = XCConfigurationList;
			buildConfigurations = (
				3D8446F42295FFD100FCA1AC /* Debug */,
				3D8446F52295FFD100FCA1AC /* Release */,
			);
			defaultConfigurationIsVisible = 0;
			defaultConfigurationName = Release;
		};
/* End XCConfigurationList section */
	};
	rootObject = 3D8446D92295FFD000FCA1AC /* Project object */;
}
